Microsoft Visual Studio Solution File, Format Version 12.00
# Visual Studio Version 17
VisualStudioVersion = 17.5.2.0
MinimumVisualStudioVersion = 10.0.40219.1
Project("{2150E333-8FDC-42A3-9474-1A3956D46DE8}") = "native", "native", "{2F2BA0B1-8447-348E-8DA4-622F0257D38B}"
EndProject
Project("{FAE04EC0-301F-11D3-BF4B-00C04F79EFBC}") = "SekomHelper", "native\SekomHelper\SekomHelper.csproj", "{B6385F65-1809-3DA0-210A-3C39909DB6E3}"
EndProject
Global
	GlobalSection(SolutionConfigurationPlatforms) = preSolution
		Debug|Any CPU = Debug|Any CPU
		Release|Any CPU = Release|Any CPU
	EndGlobalSection
	GlobalSection(ProjectConfigurationPlatforms) = postSolution
		{B6385F65-1809-3DA0-210A-3C39909DB6E3}.Debug|Any CPU.ActiveCfg = Debug|Any CPU
		{B6385F65-1809-3DA0-210A-3C39909DB6E3}.Debug|Any CPU.Build.0 = Debug|Any CPU
		{B6385F65-1809-3DA0-210A-3C39909DB6E3}.Release|Any CPU.ActiveCfg = Release|Any CPU
		{B6385F65-1809-3DA0-210A-3C39909DB6E3}.Release|Any CPU.Build.0 = Release|Any CPU
	EndGlobalSection
	GlobalSection(SolutionProperties) = preSolution
		HideSolutionNode = FALSE
	EndGlobalSection
	GlobalSection(NestedProjects) = preSolution
		{B6385F65-1809-3DA0-210A-3C39909DB6E3} = {2F2BA0B1-8447-348E-8DA4-622F0257D38B}
	EndGlobalSection
	GlobalSection(ExtensibilityGlobals) = postSolution
		SolutionGuid = {588BD191-A8C8-4F81-9CCF-2BC17D4A3614}
	EndGlobalSection
EndGlobal
